<?xml version="1.0" encoding="utf-8"?>
<Project ToolsVersion="4.0" xmlns="http://schemas.microsoft.com/developer/msbuild/2003">
  <ItemGroup>
    <Filter Include="소스 파일">
      <UniqueIdentifier>{4FC737F1-C7A5-4376-A066-2A32D752A2FF}</UniqueIdentifier>
      <Extensions>cpp;c;cc;cxx;c++;cppm;ixx;def;odl;idl;hpj;bat;asm;asmx</Extensions>
    </Filter>
    <Filter Include="헤더 파일">
      <UniqueIdentifier>{93995380-89BD-4b04-88EB-625FBE52EBFB}</UniqueIdentifier>
      <Extensions>h;hh;hpp;hxx;h++;hm;inl;inc;ipp;xsd</Extensions>
    </Filter>
    <Filter Include="리소스 파일">
      <UniqueIdentifier>{67DA6AB6-F800-4c08-8B7A-83BB121AAD01}</UniqueIdentifier>
      <Extensions>rc;ico;cur;bmp;dlg;rc2;rct;bin;rgs;gif;jpg;jpeg;jpe;resx;tiff;tif;png;wav;mfcribbon-ms</Extensions>
    </Filter>
    <Filter Include="소스 파일\BoostParser">
      <UniqueIdentifier>{970b3cf6-9594-4011-b6a0-f53f8fdadbce}</UniqueIdentifier>
    </Filter>
  </ItemGroup>
  <ItemGroup>
    <ClCompile Include="Main.cpp">
      <Filter>소스 파일</Filter>
    </ClCompile>
    <ClCompile Include="ast.cpp">
      <Filter>소스 파일\BoostParser</Filter>
    </ClCompile>
    <ClCompile Include="parser.cpp">
      <Filter>소스 파일\BoostParser</Filter>
    </ClCompile>
    <ClCompile Include="DSLManager.cpp">
      <Filter>소스 파일\BoostParser</Filter>
    </ClCompile>
    <ClCompile Include="Environment.cpp">
      <Filter>소스 파일\BoostParser</Filter>
    </ClCompile>
    <ClCompile Include="EnvironmentDefine.cpp">
      <Filter>소스 파일\BoostParser</Filter>
    </ClCompile>
    <ClCompile Include="Utils.cpp">
      <Filter>소스 파일\BoostParser</Filter>
    </ClCompile>
  </ItemGroup>
  <ItemGroup>
    <ClInclude Include="ast.h">
      <Filter>소스 파일\BoostParser</Filter>
    </ClInclude>
    <ClInclude Include="parser.h">
      <Filter>소스 파일\BoostParser</Filter>
    </ClInclude>
    <ClInclude Include="DSLManager.h">
      <Filter>소스 파일\BoostParser</Filter>
    </ClInclude>
    <ClInclude Include="Environment.h">
      <Filter>소스 파일\BoostParser</Filter>
    </ClInclude>
    <ClInclude Include="EnvironmentDefine.h">
      <Filter>소스 파일\BoostParser</Filter>
    </ClInclude>
    <ClInclude Include="Utils.h">
      <Filter>소스 파일\BoostParser</Filter>
    </ClInclude>
  </ItemGroup>
</Project>